github.com/davecgh/go-spew v1.1.0/go.mod h1:J7Y8YcW2NihsgmVo/mv3lAwl/skON4iLHjSsI+c5H38=
github.com/davecgh/go-spew v1.1.1 h1:vj9j/u1bqnvCEfJOwUhtlOARqs3+rkHYY13jYWTU97c=
github.com/davecgh/go-spew v1.1.1/go.mod h1:J7Y8YcW2NihsgmVo/mv3lAwl/skON4iLHjSsI+c5H38=
github.com/goccy/go-json v0.9.11 h1:/pAaQDLHEoCq/5FFmSKBswWmK6H0e8g4159Kc/X/nqk=
github.com/goccy/go-json v0.9.11/go.mod h1:6MelG93GURQebXPDq3khkgXZkazVtN9CRI+MGFi0w8I=
github.com/gorilla/mux v1.8.0 h1:i40aqfkR1h2SlN9hojwV5ZA91wcXFOvkdNIeFDP5koI=
github.com/gorilla/mux v1.8.0/go.mod h1:DVbg23sWSpFRCP0SfiEN6jmj59UnW/n46BH5rLB71So=
github.com/mattn/go-sqlite3 v1.14.15 h1:vfoHhTN1af61xCRSWzFIWzx2YskyMTwHLrExkBOjvxI=
github.com/mattn/go-sqlite3 v1.14.15/go.mod h1:2eHXhiwb8IkHr+BDWZGa96P6+rkvnG63S2DGjv9HUNg=
github.com/pmezard/go-difflib v1.0.0 h1:4DBwDE0NGyQoBHbLQYPwSUPoCMWR5BEzIk/f1lZbAQM=
github.com/pmezard/go-difflib v1.0.0/go.mod h1:iKH77koFhYxTK1pcRnkKkqfTogsbg7gZNVY4sRDYZ/4=
github.com/rs/cors v1.8.2 h1:KCooALfAYGs415Cwu5ABvv9n9509fSiG5SQJn/AQo4U=
github.com/rs/cors v1.8.2/go.mod h1:XyqrcTp5zjWr1wsJ8PIRZssZ8b/WMcMf71DJnit4EMU=
github.com/stretchr/objx v0.1.0/go.mod h1:HFkY916IF+rwdDfMAkV7OtwuqBVzrE8GR6GFx+wExME=
github.com/stretchr/objx v0.4.0/go.mod h1:YvHI0jy2hoMjB+UWwv71VJQ9isScKT/TqJzVSSt89Yw=
github.com/stretchr/testify v1.7.1/go.mod h1:6Fq8oRcR53rry900zMqJjRRixrwX3KX962/h/Wwjteg=
github.com/stretchr/testify v1.8.0 h1:pSgiaMZlXftHpm5L7V1+rVB+AZJydKsMxsQBIJw4PKk=
github.com/stretchr/testify v1.8.0/go.mod h1:yNjHg4UonilssWZ8iaSj1OCr/vHnekPRkoO+kdMU+MU=
github.com/urr3-drehem-KG/Data_Pipeline_go/IE_Extractor v0.0.0-20220921003953-4c809f1ed4f7 h1:GLQXhXXunEJI8ZhsZYIhtbTbK0LxOrj/XkDMqM+KBOA=
github.com/urr3-drehem-KG/Data_Pipeline_go/IE_Extractor v0.0.0-20220921003953-4c809f1ed4f7/go.mod h1:7Nl/rkH++imm45Gm1j0e3xl0bJlk0Y40WuUrIwEaXaQ=
github.com/urr3-drehem-KG/gRPC_Server_go/database v0.0.0-20220928045420-5095f0592f03 h1:F3lC3u5GgX+jHya/Sn18bv+XdaTdxysgKBf2NMEg5Jk=
github.com/urr3-drehem-KG/gRPC_Server_go/database v0.0.0-20220928045420-5095f0592f03/go.mod h1:y7VyM3NaU30RVmjWBGrMvPYkGFoLo4UY1BYY7ViUTbk=
github.com/urr3-drehem-KG/gRPC_Server_go/database v0.0.0-20220928045653-53244640860e h1:k09sjowI7uJzHE1XkU6DGVUANn7Tn2TPHku9bADAuzo=
github.com/urr3-drehem-KG/gRPC_Server_go/database v0.0.0-20220928045653-53244640860e/go.mod h1:gSGcgtwE1MuPprfGyDuk6Ku2epiR/NqnrZifUoi5Tzk=
github.com/urr3-drehem-KG/gRPC_Server_go/database v0.0.0-20220928051618-aa06c2aa43c2 h1:s2vYL58x0vpyXxfBTeKe+gsysIV7diKjpZhsmqB+G1U=
github.com/urr3-drehem-KG/gRPC_Server_go/database v0.0.0-20220928051618-aa06c2aa43c2/go.mod h1:gSGcgtwE1MuPprfGyDuk6Ku2epiR/NqnrZifUoi5Tzk=
github.com/urr3-drehem-KG/gRPC_Server_go/database v0.0.0-20220928052124-fc7390dcae77 h1:+2NDtiDgFrNuIZgIVeLXzv7wNoUan3KhDZSTR2ebK2c=
github.com/urr3-drehem-KG/gRPC_Server_go/database v0.0.0-20220928052124-fc7390dcae77/go.mod h1:gSGcgtwE1MuPprfGyDuk6Ku2epiR/NqnrZifUoi5Tzk=
github.com/urr3-drehem-KG/gRPC_Server_go/database v0.0.0-20220929030557-28207ef65e14 h1:fkGttEST+b4u6SigjxdiYySSL7ZohBBlihs6LCOHeMg=
github.com/urr3-drehem-KG/gRPC_Server_go/database v0.0.0-20220929030557-28207ef65e14/go.mod h1:gSGcgtwE1MuPprfGyDuk6Ku2epiR/NqnrZifUoi5Tzk=
github.com/urr3-drehem-KG/gRPC_Server_go/database v0.0.0-20220929031302-81729766bd9d h1:H4BamrFI5ktUvFjDXbEBEdpsCCFjZTAmuzn7+TLni0U=
github.com/urr3-drehem-KG/gRPC_Server_go/database v0.0.0-20220929031302-81729766bd9d/go.mod h1:gSGcgtwE1MuPprfGyDuk6Ku2epiR/NqnrZifUoi5Tzk=
github.com/urr3-drehem-KG/gRPC_Server_go/database v0.0.0-20220929031721-6e554fc19de5 h1:olX721yXWZf7qaVDMdeNzG6cHqWkVFX4tsnRpe8mgjk=
github.com/urr3-drehem-KG/gRPC_Server_go/database v0.0.0-20220929031721-6e554fc19de5/go.mod h1:gSGcgtwE1MuPprfGyDuk6Ku2epiR/NqnrZifUoi5Tzk=
github.com/urr3-drehem-KG/gRPC_Server_go/database v0.0.0-20220929032458-02ced4f9f1ac h1:OoIFMXr7mJDRiI0iR4VicDW/FWRSCNyU9Z1qmvtVyaI=
github.com/urr3-drehem-KG/gRPC_Server_go/database v0.0.0-20220929032458-02ced4f9f1ac/go.mod h1:gSGcgtwE1MuPprfGyDuk6Ku2epiR/NqnrZifUoi5Tzk=
gopkg.in/check.v1 v0.0.0-20161208181325-20d25e280405/go.mod h1:Co6ibVJAznAaIkqp8huTwlJQCZ016jof/cbN4VW5Yz0=
gopkg.in/yaml.v3 v3.0.0-20200313102051-9f266ea9e77c/go.mod h1:K4uyk7z7BCEPqu6E+C64Yfv1cQ7kz7rIZviUmN+EgEM=
gopkg.in/yaml.v3 v3.0.1 h1:fxVm/GzAzEWqLHuvctI91KS9hhNmmWOoWu0XTYJS7CA=
gopkg.in/yaml.v3 v3.0.1/go.mod h1:K4uyk7z7BCEPqu6E+C64Yfv1cQ7kz7rIZviUmN+EgEM=
